
Microsoft Visual Studio Solution File, Format Version 12.00
# Visual Studio Version 17
VisualStudioVersion = 17.14.36121.58
MinimumVisualStudioVersion = 10.0.40219.1
Project("{FAE04EC0-301F-11D3-BF4B-00C04F79EFBC}") = "SampleApp", "SampleApp\SampleApp.csproj", "{A008870B-F1F8-47CA-8C2F-ECE8BF1602FE}"
EndProject
Global
	GlobalSection(SolutionConfigurationPlatforms) = preSolution
		Debug|Any CPU = Debug|Any CPU
		Release|Any CPU = Release|Any CPU
	EndGlobalSection
	GlobalSection(ProjectConfigurationPlatforms) = postSolution
		{A008870B-F1F8-47CA-8C2F-ECE8BF1602FE}.Debug|Any CPU.ActiveCfg = Debug|Any CPU
		{A008870B-F1F8-47CA-8C2F-ECE8BF1602FE}.Debug|Any CPU.Build.0 = Debug|Any CPU
		{A008870B-F1F8-47CA-8C2F-ECE8BF1602FE}.Release|Any CPU.ActiveCfg = Release|Any CPU
		{A008870B-F1F8-47CA-8C2F-ECE8BF1602FE}.Release|Any CPU.Build.0 = Release|Any CPU
	EndGlobalSection
	GlobalSection(SolutionProperties) = preSolution
		HideSolutionNode = FALSE
	EndGlobalSection
	GlobalSection(ExtensibilityGlobals) = postSolution
		SolutionGuid = {EEB001A0-23F6-4118-9785-BD8107B4B341}
	EndGlobalSection
EndGlobal
